
Microsoft Visual Studio Solution File, Format Version 12.00
# Visual Studio Version 17
VisualStudioVersion = 17.9.34622.214
MinimumVisualStudioVersion = 10.0.40219.1
Project("{FAE04EC0-301F-11D3-BF4B-00C04F79EFBC}") = "Interfaz_Proyecto", "Interfaz_Proyecto\Interfaz_Proyecto.csproj", "{797C6B10-D5DA-45C8-BF36-30C3D5473474}"
EndProject
Global
	GlobalSection(SolutionConfigurationPlatforms) = preSolution
		Debug|Any CPU = Debug|Any CPU
		Release|Any CPU = Release|Any CPU
	EndGlobalSection
	GlobalSection(ProjectConfigurationPlatforms) = postSolution
		{797C6B10-D5DA-45C8-BF36-30C3D5473474}.Debug|Any CPU.ActiveCfg = Debug|Any CPU
		{797C6B10-D5DA-45C8-BF36-30C3D5473474}.Debug|Any CPU.Build.0 = Debug|Any CPU
		{797C6B10-D5DA-45C8-BF36-30C3D5473474}.Release|Any CPU.ActiveCfg = Release|Any CPU
		{797C6B10-D5DA-45C8-BF36-30C3D5473474}.Release|Any CPU.Build.0 = Release|Any CPU
	EndGlobalSection
	GlobalSection(SolutionProperties) = preSolution
		HideSolutionNode = FALSE
	EndGlobalSection
	GlobalSection(ExtensibilityGlobals) = postSolution
		SolutionGuid = {F8D8E911-F577-411D-9144-9C917BD71122}
	EndGlobalSection
EndGlobal
